<?xml version="1.0" encoding="utf-8"?>
<Project ToolsVersion="4.0" xmlns="http://schemas.microsoft.com/developer/msbuild/2003">
  <ItemGroup>
    <Filter Include="Core">
      <UniqueIdentifier>{2EB4837C-1AEB-840D-C3D7-6A10AFED000F}</UniqueIdentifier>
    </Filter>
    <Filter Include="Core\NativeLoader">
      <UniqueIdentifier>{5B3A6AE6-C750-687C-10C8-F39D7C1D3904}</UniqueIdentifier>
    </Filter>
    <Filter Include="Renderer">
      <UniqueIdentifier>{7CCE658F-689B-C09A-91B4-AE427DE0F528}</UniqueIdentifier>
    </Filter>
  </ItemGroup>
  <ItemGroup>
    <ClInclude Include="tTexture\Core\Application.h">
      <Filter>Core</Filter>
    </ClInclude>
    <ClInclude Include="tTexture\Core\Assert.h">
      <Filter>Core</Filter>
    </ClInclude>
    <ClInclude Include="tTexture\Core\Buffer.h">
      <Filter>Core</Filter>
    </ClInclude>
    <ClInclude Include="tTexture\Core\Core.h">
      <Filter>Core</Filter>
    </ClInclude>
    <ClInclude Include="tTexture\Core\Exporter.h">
      <Filter>Core</Filter>
    </ClInclude>
    <ClInclude Include="tTexture\Core\Loader.h">
      <Filter>Core</Filter>
    </ClInclude>
    <ClInclude Include="tTexture\Core\Log.h">
      <Filter>Core</Filter>
    </ClInclude>
    <ClInclude Include="tTexture\Core\NativeLoader\EquirectangularLoader.h">
      <Filter>Core\NativeLoader</Filter>
    </ClInclude>
    <ClInclude Include="tTexture\Core\NativeLoader\HCrossLoader.h">
      <Filter>Core\NativeLoader</Filter>
    </ClInclude>
    <ClInclude Include="tTexture\Core\NativeLoader\NativeLoader.h">
      <Filter>Core\NativeLoader</Filter>
    </ClInclude>
    <ClInclude Include="tTexture\Core\NativeLoader\VCrossLoader.h">
      <Filter>Core\NativeLoader</Filter>
    </ClInclude>
    <ClInclude Include="tTexture\EntryPoint.h" />
    <ClInclude Include="tTexture\Renderer\OpenGLBuffer.h">
      <Filter>Renderer</Filter>
    </ClInclude>
    <ClInclude Include="tTexture\Renderer\OpenGLContext.h">
      <Filter>Renderer</Filter>
    </ClInclude>
    <ClInclude Include="tTexture\Renderer\OpenGLFramebuffer.h">
      <Filter>Renderer</Filter>
    </ClInclude>
    <ClInclude Include="tTexture\Renderer\OpenGLRenderer.h">
      <Filter>Renderer</Filter>
    </ClInclude>
    <ClInclude Include="tTexture\Renderer\OpenGLShader.h">
      <Filter>Renderer</Filter>
    </ClInclude>
    <ClInclude Include="tTexture\Renderer\OpenGLTexture.h">
      <Filter>Renderer</Filter>
    </ClInclude>
    <ClInclude Include="tTexture\pch.h" />
    <ClInclude Include="tTexture\tTexture.h" />
  </ItemGroup>
  <ItemGroup>
    <ClCompile Include="tTexture\Core\Application.cpp">
      <Filter>Core</Filter>
    </ClCompile>
    <ClCompile Include="tTexture\Core\Core.cpp">
      <Filter>Core</Filter>
    </ClCompile>
    <ClCompile Include="tTexture\Core\Exporter.cpp">
      <Filter>Core</Filter>
    </ClCompile>
    <ClCompile Include="tTexture\Core\Loader.cpp">
      <Filter>Core</Filter>
    </ClCompile>
    <ClCompile Include="tTexture\Core\Log.cpp">
      <Filter>Core</Filter>
    </ClCompile>
    <ClCompile Include="tTexture\Core\NativeLoader\EquirectangularLoader.cpp">
      <Filter>Core\NativeLoader</Filter>
    </ClCompile>
    <ClCompile Include="tTexture\Core\NativeLoader\HCrossLoader.cpp">
      <Filter>Core\NativeLoader</Filter>
    </ClCompile>
    <ClCompile Include="tTexture\Core\NativeLoader\NativeLoader.cpp">
      <Filter>Core\NativeLoader</Filter>
    </ClCompile>
    <ClCompile Include="tTexture\Core\NativeLoader\VCrossLoader.cpp">
      <Filter>Core\NativeLoader</Filter>
    </ClCompile>
    <ClCompile Include="tTexture\Renderer\OpenGLBuffer.cpp">
      <Filter>Renderer</Filter>
    </ClCompile>
    <ClCompile Include="tTexture\Renderer\OpenGLContext.cpp">
      <Filter>Renderer</Filter>
    </ClCompile>
    <ClCompile Include="tTexture\Renderer\OpenGLFramebuffer.cpp">
      <Filter>Renderer</Filter>
    </ClCompile>
    <ClCompile Include="tTexture\Renderer\OpenGLRenderer.cpp">
      <Filter>Renderer</Filter>
    </ClCompile>
    <ClCompile Include="tTexture\Renderer\OpenGLShader.cpp">
      <Filter>Renderer</Filter>
    </ClCompile>
    <ClCompile Include="tTexture\Renderer\OpenGLTexture.cpp">
      <Filter>Renderer</Filter>
    </ClCompile>
    <ClCompile Include="tTexture\pch.cpp" />
    <ClCompile Include="tTexture\stb_build.cpp" />
  </ItemGroup>
</Project>