<?xml version="1.0" encoding="utf-8"?>
<Project ToolsVersion="4.0" xmlns="http://schemas.microsoft.com/developer/msbuild/2003">
  <ItemGroup>
    <Filter Include="Core">
      <UniqueIdentifier>{2EB4837C-1AEB-840D-C3D7-6A10AFED000F}</UniqueIdentifier>
    </Filter>
  </ItemGroup>
  <ItemGroup>
    <ClInclude Include="src\tTexture-Core\Core\Core.h">
      <Filter>Core</Filter>
    </ClInclude>
    <ClInclude Include="src\tTexture-Core\Core\Loader.h">
      <Filter>Core</Filter>
    </ClInclude>
    <ClInclude Include="src\tTexture-Core\Core\Log.h">
      <Filter>Core</Filter>
    </ClInclude>
    <ClInclude Include="src\tTexture-Core\EntryPoint.h" />
    <ClInclude Include="src\tTexture-Core\tTexture.h" />
    <ClInclude Include="src\tTexture-Core\Core\Assert.h" />
  </ItemGroup>
  <ItemGroup>
    <ClCompile Include="src\tTexture-Core\Core\Loader.cpp">
      <Filter>Core</Filter>
    </ClCompile>
    <ClCompile Include="src\tTexture-Core\Core\Log.cpp">
      <Filter>Core</Filter>
    </ClCompile>
    <ClCompile Include="src\tTexture-Core\stb_image_build.cpp" />
  </ItemGroup>
</Project>